Microsoft Visual Studio Solution File, Format Version 12.00
# Visual Studio Version 17
VisualStudioVersion = 17.5.2.0
MinimumVisualStudioVersion = 10.0.40219.1
Project("{FAE04EC0-301F-11D3-BF4B-00C04F79EFBC}") = "Recruitment_Task", "Recruitment_Task.csproj", "{ADE0BC7B-E1BB-5D34-2AF5-585A88FC83EF}"
EndProject
Global
	GlobalSection(SolutionConfigurationPlatforms) = preSolution
		Debug|Any CPU = Debug|Any CPU
		Release|Any CPU = Release|Any CPU
	EndGlobalSection
	GlobalSection(ProjectConfigurationPlatforms) = postSolution
		{ADE0BC7B-E1BB-5D34-2AF5-585A88FC83EF}.Debug|Any CPU.ActiveCfg = Debug|Any CPU
		{ADE0BC7B-E1BB-5D34-2AF5-585A88FC83EF}.Debug|Any CPU.Build.0 = Debug|Any CPU
		{ADE0BC7B-E1BB-5D34-2AF5-585A88FC83EF}.Release|Any CPU.ActiveCfg = Release|Any CPU
		{ADE0BC7B-E1BB-5D34-2AF5-585A88FC83EF}.Release|Any CPU.Build.0 = Release|Any CPU
	EndGlobalSection
	GlobalSection(SolutionProperties) = preSolution
		HideSolutionNode = FALSE
	EndGlobalSection
	GlobalSection(ExtensibilityGlobals) = postSolution
		SolutionGuid = {1DD3D13F-6D50-4E8F-93F6-216A52F8060C}
	EndGlobalSection
EndGlobal
